<?xml version="1.0" encoding="utf-8"?>
<Project ToolsVersion="4.0" xmlns="http://schemas.microsoft.com/developer/msbuild/2003">
  <ItemGroup>
    <ClCompile Include="Alumno.cpp" />
    <ClCompile Include="BBDD.cpp" />
    <ClCompile Include="Controller.cpp" />
    <ClCompile Include="CSV.cpp" />
    <ClCompile Include="Grado.cpp" />
    <ClCompile Include="GradosMain.cpp" />
    <ClCompile Include="Horario.cpp" />
    <ClCompile Include="Interfaz.cpp" />
    <ClCompile Include="main.cpp" />
    <ClCompile Include="ImportMain.cpp" />
    <ClCompile Include="mainwindow.cpp" />
    <ClCompile Include="menu.cpp" />
    <ClCompile Include="menuAlumno.cpp" />
    <ClCompile Include="Presentacion.cpp" />
    <ClCompile Include="Profesor.cpp" />
    <ClCompile Include="ProfesoresMain.cpp" />
    <ClCompile Include="Recursive.cpp" />
    <ClCompile Include="Select.cpp" />
    <ClCompile Include="sqlite3\sqlite3.c" />
    <ClCompile Include="TFG.cpp" />
    <ClCompile Include="Utility.cpp" />
  </ItemGroup>
  <ItemGroup>
    <ClInclude Include="sqlite3\sqlite3.h" />
    <ClInclude Include="Alumno.h" />
    <ClInclude Include="Controller.h" />
    <ClInclude Include="Grado.h" />
    <ClInclude Include="Header.h" />
    <ClInclude Include="Horario.h" />
    <ClInclude Include="Presentacion.h" />
    <ClInclude Include="Profesor.h" />
    <ClInclude Include="TFG.h" />
  </ItemGroup>
  <ItemGroup>
    <QtMoc Include="GradosMain.h" />
    <QtMoc Include="ImportMain.h" />
    <QtMoc Include="ProfesoresMain.h" />
    <QtMoc Include="menuAlumno.h" />
    <QtMoc Include="menu.h" />
    <QtMoc Include="mainwindow.h" />
  </ItemGroup>
  <ItemGroup>
    <QtRcc Include="QtGuiApplication3.qrc" />
  </ItemGroup>
  <ItemGroup>
    <QtUic Include="gradosMain.ui" />
    <QtUic Include="mainImport.ui" />
    <QtUic Include="mainwindow.ui" />
    <QtUic Include="menu.ui" />
    <QtUic Include="ProfesoresMain.ui" />
    <QtUic Include="menuAlumno.ui" />
  </ItemGroup>
  <ItemGroup>
    <None Include="Nombre.qml" />
    <None Include="NombreForm.ui.qml" />
  </ItemGroup>
</Project>